
Microsoft Visual Studio Solution File, Format Version 12.00
# Visual Studio 15
VisualStudioVersion = 15.0.28010.2048
MinimumVisualStudioVersion = 10.0.40219.1
Project("{FAE04EC0-301F-11D3-BF4B-00C04F79EFBC}") = "ConwayTDD", "ConwayTDD\ConwayTDD.csproj", "{EA70AF88-7F19-40E8-98DB-EA2C8335F381}"
EndProject
Project("{FAE04EC0-301F-11D3-BF4B-00C04F79EFBC}") = "Conway.Library", "Conway.Library\Conway.Library.csproj", "{7C9F04B1-9CCA-4C78-90CF-20D3707298CA}"
EndProject
Project("{FAE04EC0-301F-11D3-BF4B-00C04F79EFBC}") = "Conway.Library.Tests", "Conway.Library.Tests\Conway.Library.Tests.csproj", "{304E7835-E197-4734-8778-A5E9F1E12589}"
EndProject
Global
	GlobalSection(SolutionConfigurationPlatforms) = preSolution
		Debug|Any CPU = Debug|Any CPU
		Release|Any CPU = Release|Any CPU
	EndGlobalSection
	GlobalSection(ProjectConfigurationPlatforms) = postSolution
		{EA70AF88-7F19-40E8-98DB-EA2C8335F381}.Debug|Any CPU.ActiveCfg = Debug|Any CPU
		{EA70AF88-7F19-40E8-98DB-EA2C8335F381}.Debug|Any CPU.Build.0 = Debug|Any CPU
		{EA70AF88-7F19-40E8-98DB-EA2C8335F381}.Release|Any CPU.ActiveCfg = Release|Any CPU
		{EA70AF88-7F19-40E8-98DB-EA2C8335F381}.Release|Any CPU.Build.0 = Release|Any CPU
		{7C9F04B1-9CCA-4C78-90CF-20D3707298CA}.Debug|Any CPU.ActiveCfg = Debug|Any CPU
		{7C9F04B1-9CCA-4C78-90CF-20D3707298CA}.Debug|Any CPU.Build.0 = Debug|Any CPU
		{7C9F04B1-9CCA-4C78-90CF-20D3707298CA}.Release|Any CPU.ActiveCfg = Release|Any CPU
		{7C9F04B1-9CCA-4C78-90CF-20D3707298CA}.Release|Any CPU.Build.0 = Release|Any CPU
		{304E7835-E197-4734-8778-A5E9F1E12589}.Debug|Any CPU.ActiveCfg = Debug|Any CPU
		{304E7835-E197-4734-8778-A5E9F1E12589}.Debug|Any CPU.Build.0 = Debug|Any CPU
		{304E7835-E197-4734-8778-A5E9F1E12589}.Release|Any CPU.ActiveCfg = Release|Any CPU
		{304E7835-E197-4734-8778-A5E9F1E12589}.Release|Any CPU.Build.0 = Release|Any CPU
	EndGlobalSection
	GlobalSection(SolutionProperties) = preSolution
		HideSolutionNode = FALSE
	EndGlobalSection
	GlobalSection(ExtensibilityGlobals) = postSolution
		SolutionGuid = {977A25B0-A0B7-4D4A-92D6-D6E9D5822E6E}
	EndGlobalSection
EndGlobal
