
Microsoft Visual Studio Solution File, Format Version 12.00
# Visual Studio 15
VisualStudioVersion = 15.0.28010.2048
MinimumVisualStudioVersion = 10.0.40219.1
Project("{FAE04EC0-301F-11D3-BF4B-00C04F79EFBC}") = "TDDFizzBuzz", "TDDFizzBuzz\TDDFizzBuzz.csproj", "{9A9700DD-02E0-45BF-9532-12D2CE5E2ADF}"
EndProject
Project("{FAE04EC0-301F-11D3-BF4B-00C04F79EFBC}") = "FizzBuzz.Library", "FizzBuzz.Library\FizzBuzz.Library.csproj", "{24F9D198-751D-4442-97F5-3913B33138A6}"
EndProject
Project("{FAE04EC0-301F-11D3-BF4B-00C04F79EFBC}") = "FizzBuzz.Library.Tests", "FizzBuzz.Library.Tests\FizzBuzz.Library.Tests.csproj", "{B43DC8E6-F842-4B22-B543-1C39EFFC8E0C}"
EndProject
Global
	GlobalSection(SolutionConfigurationPlatforms) = preSolution
		Debug|Any CPU = Debug|Any CPU
		Release|Any CPU = Release|Any CPU
	EndGlobalSection
	GlobalSection(ProjectConfigurationPlatforms) = postSolution
		{9A9700DD-02E0-45BF-9532-12D2CE5E2ADF}.Debug|Any CPU.ActiveCfg = Debug|Any CPU
		{9A9700DD-02E0-45BF-9532-12D2CE5E2ADF}.Debug|Any CPU.Build.0 = Debug|Any CPU
		{9A9700DD-02E0-45BF-9532-12D2CE5E2ADF}.Release|Any CPU.ActiveCfg = Release|Any CPU
		{9A9700DD-02E0-45BF-9532-12D2CE5E2ADF}.Release|Any CPU.Build.0 = Release|Any CPU
		{24F9D198-751D-4442-97F5-3913B33138A6}.Debug|Any CPU.ActiveCfg = Debug|Any CPU
		{24F9D198-751D-4442-97F5-3913B33138A6}.Debug|Any CPU.Build.0 = Debug|Any CPU
		{24F9D198-751D-4442-97F5-3913B33138A6}.Release|Any CPU.ActiveCfg = Release|Any CPU
		{24F9D198-751D-4442-97F5-3913B33138A6}.Release|Any CPU.Build.0 = Release|Any CPU
		{B43DC8E6-F842-4B22-B543-1C39EFFC8E0C}.Debug|Any CPU.ActiveCfg = Debug|Any CPU
		{B43DC8E6-F842-4B22-B543-1C39EFFC8E0C}.Debug|Any CPU.Build.0 = Debug|Any CPU
		{B43DC8E6-F842-4B22-B543-1C39EFFC8E0C}.Release|Any CPU.ActiveCfg = Release|Any CPU
		{B43DC8E6-F842-4B22-B543-1C39EFFC8E0C}.Release|Any CPU.Build.0 = Release|Any CPU
	EndGlobalSection
	GlobalSection(SolutionProperties) = preSolution
		HideSolutionNode = FALSE
	EndGlobalSection
	GlobalSection(ExtensibilityGlobals) = postSolution
		SolutionGuid = {325D80ED-65B7-4958-8FFC-8EF2BF541419}
	EndGlobalSection
EndGlobal
