
Microsoft Visual Studio Solution File, Format Version 12.00
# Visual Studio 15
VisualStudioVersion = 15.0.28307.271
MinimumVisualStudioVersion = 10.0.40219.1
Project("{FAE04EC0-301F-11D3-BF4B-00C04F79EFBC}") = "RomanNumeralTDD.Console", "RomanNumeralTDD\RomanNumeralTDD.Console.csproj", "{B7F8FB66-A870-41FF-8235-FC7EB890633C}"
EndProject
Project("{FAE04EC0-301F-11D3-BF4B-00C04F79EFBC}") = "RomanNumeralTDD.Library", "RomanNumeralTDD.Library\RomanNumeralTDD.Library.csproj", "{69884C1B-FF67-473C-903F-A640BE932144}"
EndProject
Project("{FAE04EC0-301F-11D3-BF4B-00C04F79EFBC}") = "RomanNumeralTDD.Library.Tests", "RomanNumeralTDD.Library.Tests\RomanNumeralTDD.Library.Tests.csproj", "{B35658ED-BD3A-4F66-BE25-A0D45EE6A9DE}"
EndProject
Global
	GlobalSection(SolutionConfigurationPlatforms) = preSolution
		Debug|Any CPU = Debug|Any CPU
		Release|Any CPU = Release|Any CPU
	EndGlobalSection
	GlobalSection(ProjectConfigurationPlatforms) = postSolution
		{B7F8FB66-A870-41FF-8235-FC7EB890633C}.Debug|Any CPU.ActiveCfg = Debug|Any CPU
		{B7F8FB66-A870-41FF-8235-FC7EB890633C}.Debug|Any CPU.Build.0 = Debug|Any CPU
		{B7F8FB66-A870-41FF-8235-FC7EB890633C}.Release|Any CPU.ActiveCfg = Release|Any CPU
		{B7F8FB66-A870-41FF-8235-FC7EB890633C}.Release|Any CPU.Build.0 = Release|Any CPU
		{69884C1B-FF67-473C-903F-A640BE932144}.Debug|Any CPU.ActiveCfg = Debug|Any CPU
		{69884C1B-FF67-473C-903F-A640BE932144}.Debug|Any CPU.Build.0 = Debug|Any CPU
		{69884C1B-FF67-473C-903F-A640BE932144}.Release|Any CPU.ActiveCfg = Release|Any CPU
		{69884C1B-FF67-473C-903F-A640BE932144}.Release|Any CPU.Build.0 = Release|Any CPU
		{B35658ED-BD3A-4F66-BE25-A0D45EE6A9DE}.Debug|Any CPU.ActiveCfg = Debug|Any CPU
		{B35658ED-BD3A-4F66-BE25-A0D45EE6A9DE}.Debug|Any CPU.Build.0 = Debug|Any CPU
		{B35658ED-BD3A-4F66-BE25-A0D45EE6A9DE}.Release|Any CPU.ActiveCfg = Release|Any CPU
		{B35658ED-BD3A-4F66-BE25-A0D45EE6A9DE}.Release|Any CPU.Build.0 = Release|Any CPU
	EndGlobalSection
	GlobalSection(SolutionProperties) = preSolution
		HideSolutionNode = FALSE
	EndGlobalSection
	GlobalSection(ExtensibilityGlobals) = postSolution
		SolutionGuid = {79993223-9508-48C9-846B-078D9DA6294A}
	EndGlobalSection
EndGlobal
