
Microsoft Visual Studio Solution File, Format Version 12.00
# Visual Studio 15
VisualStudioVersion = 15.0.28010.2048
MinimumVisualStudioVersion = 10.0.40219.1
Project("{FAE04EC0-301F-11D3-BF4B-00C04F79EFBC}") = "StringCalculatorKata", "StringCalculatorKata\StringCalculatorKata.csproj", "{C1FCD25D-8BAF-41CB-A40D-537D0AB16CF1}"
EndProject
Project("{FAE04EC0-301F-11D3-BF4B-00C04F79EFBC}") = "StringCalculatorKata.Tests", "StringCalculatorKata.Tests\StringCalculatorKata.Tests.csproj", "{A067DA6D-D88E-44C7-88A1-3D51863334CE}"
EndProject
Global
	GlobalSection(SolutionConfigurationPlatforms) = preSolution
		Debug|Any CPU = Debug|Any CPU
		Release|Any CPU = Release|Any CPU
	EndGlobalSection
	GlobalSection(ProjectConfigurationPlatforms) = postSolution
		{C1FCD25D-8BAF-41CB-A40D-537D0AB16CF1}.Debug|Any CPU.ActiveCfg = Debug|Any CPU
		{C1FCD25D-8BAF-41CB-A40D-537D0AB16CF1}.Debug|Any CPU.Build.0 = Debug|Any CPU
		{C1FCD25D-8BAF-41CB-A40D-537D0AB16CF1}.Release|Any CPU.ActiveCfg = Release|Any CPU
		{C1FCD25D-8BAF-41CB-A40D-537D0AB16CF1}.Release|Any CPU.Build.0 = Release|Any CPU
		{A067DA6D-D88E-44C7-88A1-3D51863334CE}.Debug|Any CPU.ActiveCfg = Debug|Any CPU
		{A067DA6D-D88E-44C7-88A1-3D51863334CE}.Debug|Any CPU.Build.0 = Debug|Any CPU
		{A067DA6D-D88E-44C7-88A1-3D51863334CE}.Release|Any CPU.ActiveCfg = Release|Any CPU
		{A067DA6D-D88E-44C7-88A1-3D51863334CE}.Release|Any CPU.Build.0 = Release|Any CPU
	EndGlobalSection
	GlobalSection(SolutionProperties) = preSolution
		HideSolutionNode = FALSE
	EndGlobalSection
	GlobalSection(ExtensibilityGlobals) = postSolution
		SolutionGuid = {8A316320-94F9-4581-955D-2D685CE239E7}
	EndGlobalSection
EndGlobal
