
Microsoft Visual Studio Solution File, Format Version 12.00
# Visual Studio 15
VisualStudioVersion = 15.0.28010.2048
MinimumVisualStudioVersion = 10.0.40219.1
Project("{FAE04EC0-301F-11D3-BF4B-00C04F79EFBC}") = "FibonacciSequence", "FibonacciSequence\FibonacciSequence.csproj", "{AF91C801-EF2C-4FBE-AE1D-63C8032AF76E}"
EndProject
Project("{FAE04EC0-301F-11D3-BF4B-00C04F79EFBC}") = "Fibonacci.Library", "Fibonacci.Library\Fibonacci.Library.csproj", "{F7FB11B2-E244-493E-BE85-49D40D599487}"
EndProject
Project("{FAE04EC0-301F-11D3-BF4B-00C04F79EFBC}") = "Fibonacci.Library.Test", "Fibonacci.Library.Test\Fibonacci.Library.Test.csproj", "{75A05142-05BB-487C-8669-AF88003DF225}"
EndProject
Global
	GlobalSection(SolutionConfigurationPlatforms) = preSolution
		Debug|Any CPU = Debug|Any CPU
		Release|Any CPU = Release|Any CPU
	EndGlobalSection
	GlobalSection(ProjectConfigurationPlatforms) = postSolution
		{AF91C801-EF2C-4FBE-AE1D-63C8032AF76E}.Debug|Any CPU.ActiveCfg = Debug|Any CPU
		{AF91C801-EF2C-4FBE-AE1D-63C8032AF76E}.Debug|Any CPU.Build.0 = Debug|Any CPU
		{AF91C801-EF2C-4FBE-AE1D-63C8032AF76E}.Release|Any CPU.ActiveCfg = Release|Any CPU
		{AF91C801-EF2C-4FBE-AE1D-63C8032AF76E}.Release|Any CPU.Build.0 = Release|Any CPU
		{F7FB11B2-E244-493E-BE85-49D40D599487}.Debug|Any CPU.ActiveCfg = Debug|Any CPU
		{F7FB11B2-E244-493E-BE85-49D40D599487}.Debug|Any CPU.Build.0 = Debug|Any CPU
		{F7FB11B2-E244-493E-BE85-49D40D599487}.Release|Any CPU.ActiveCfg = Release|Any CPU
		{F7FB11B2-E244-493E-BE85-49D40D599487}.Release|Any CPU.Build.0 = Release|Any CPU
		{75A05142-05BB-487C-8669-AF88003DF225}.Debug|Any CPU.ActiveCfg = Debug|Any CPU
		{75A05142-05BB-487C-8669-AF88003DF225}.Debug|Any CPU.Build.0 = Debug|Any CPU
		{75A05142-05BB-487C-8669-AF88003DF225}.Release|Any CPU.ActiveCfg = Release|Any CPU
		{75A05142-05BB-487C-8669-AF88003DF225}.Release|Any CPU.Build.0 = Release|Any CPU
	EndGlobalSection
	GlobalSection(SolutionProperties) = preSolution
		HideSolutionNode = FALSE
	EndGlobalSection
	GlobalSection(ExtensibilityGlobals) = postSolution
		SolutionGuid = {6429C671-7439-48C4-8D09-A681BF75DABB}
	EndGlobalSection
EndGlobal
